
Microsoft Visual Studio Solution File, Format Version 12.00
# Visual Studio Version 17
VisualStudioVersion = 17.0.32112.339
MinimumVisualStudioVersion = 10.0.40219.1
Project("{9A19103F-16F7-4668-BE54-9A1E7A4F7556}") = "ToDoAppClient", "ToDoAppClient\ToDoAppClient.csproj", "{FF192E81-38B5-4710-9812-130781DCF906}"
EndProject
Project("{FAE04EC0-301F-11D3-BF4B-00C04F79EFBC}") = "ToDoAppServer", "ToDoAppServer\ToDoAppServer.csproj", "{0674AFBB-AC86-4E22-85B4-A750084221EE}"
EndProject
Global
	GlobalSection(SolutionConfigurationPlatforms) = preSolution
		Debug|Any CPU = Debug|Any CPU
		Release|Any CPU = Release|Any CPU
	EndGlobalSection
	GlobalSection(ProjectConfigurationPlatforms) = postSolution
		{FF192E81-38B5-4710-9812-130781DCF906}.Debug|Any CPU.ActiveCfg = Debug|Any CPU
		{FF192E81-38B5-4710-9812-130781DCF906}.Debug|Any CPU.Build.0 = Debug|Any CPU
		{FF192E81-38B5-4710-9812-130781DCF906}.Release|Any CPU.ActiveCfg = Release|Any CPU
		{FF192E81-38B5-4710-9812-130781DCF906}.Release|Any CPU.Build.0 = Release|Any CPU
		{0674AFBB-AC86-4E22-85B4-A750084221EE}.Debug|Any CPU.ActiveCfg = Debug|Any CPU
		{0674AFBB-AC86-4E22-85B4-A750084221EE}.Debug|Any CPU.Build.0 = Debug|Any CPU
		{0674AFBB-AC86-4E22-85B4-A750084221EE}.Release|Any CPU.ActiveCfg = Release|Any CPU
		{0674AFBB-AC86-4E22-85B4-A750084221EE}.Release|Any CPU.Build.0 = Release|Any CPU
	EndGlobalSection
	GlobalSection(SolutionProperties) = preSolution
		HideSolutionNode = FALSE
	EndGlobalSection
	GlobalSection(ExtensibilityGlobals) = postSolution
		SolutionGuid = {C0E82B90-F820-4F6A-A653-01B7A3F01A6A}
	EndGlobalSection
EndGlobal
